{
  "nodes": {
    "home-manager": {
      "inputs": {
        "nixpkgs": [
          "nixpkgs"
        ]
      },
      "locked": {
        "lastModified": 1790955005,
        "narHash": "sha256-EEQKUylD8zuRTmDFX4rbwsHQ+iZhqqOldYcFN8SLcE0=",
        "ref": "refs/heads/master",
        "rev": "0560d64401a6d5370732a69d08bc4a6b135962d9",
        "shallow": true,
        "type": "git",
        "url": "http://lunarserver.local:3000/MIRROR/home-manager"
      },
      "original": {
        "shallow": true,
        "type": "git",
        "url": "http://lunarserver.local:3000/MIRROR/home-manager"
      }
    },
    "nixpkgs": {
      "locked": {
        "lastModified": 1790822859,
        "narHash": "sha256-69xHQhAeMAD2wDXO7T2pcOZIF9Sga2W+JkmY2a11Ops=",
        "ref": "nixos-unstable",
        "rev": "c59305bab2065cfecc4944690d9eedbb56f3a9fa",
        "shallow": true,
        "type": "git",
        "url": "https://mirrors.tuna.tsinghua.edu.cn/git/nixpkgs.git"
      },
      "original": {
        "ref": "nixos-unstable",
        "shallow": true,
        "type": "git",
        "url": "https://mirrors.tuna.tsinghua.edu.cn/git/nixpkgs.git"
      }
    },
    "noctalia": {
      "inputs": {
        "nixpkgs": [
          "nixpkgs"
        ]
      },
      "locked": {
        "lastModified": 1790967847,
        "narHash": "sha256-zjTq+MSL+B7GpRx/gEpj3y+OqonsdZBuA1OGrBQdlXw=",
        "ref": "refs/heads/main",
        "rev": "63685992f8cfef008de338ff769c8f44df3bcdaa",
        "shallow": true,
        "type": "git",
        "url": "http://lunarserver.local:3000/MIRROR/noctalia-shell"
      },
      "original": {
        "shallow": true,
        "type": "git",
        "url": "http://lunarserver.local:3000/MIRROR/noctalia-shell"
      }
    },
    "root": {
      "inputs": {
        "home-manager": "home-manager",
        "nixpkgs": "nixpkgs",
        "noctalia": "noctalia"
      }
    }
  },
  "root": "root",
  "version": 7
}
