{
  "nodes": {
    "home-manager": {
      "inputs": {
        "nixpkgs": [
          "nixpkgs"
        ]
      },
      "locked": {
        "lastModified": 1790365885,
        "narHash": "sha256-iQ0ebhiVo64NktTnwft9hNxlFu4j5cvljVxyJaEVIP4=",
        "ref": "refs/heads/master",
        "rev": "7b4c5ec4bedaf1e062bbc1bcaeddbc6bd242aa1b",
        "shallow": true,
        "type": "git",
        "url": "http://lunarserver.local:3000/MIRROR/home-manager"
      },
      "original": {
        "shallow": true,
        "type": "git",
        "url": "http://lunarserver.local:3000/MIRROR/home-manager"
      }
    },
    "nixpkgs": {
      "locked": {
        "lastModified": 1790578696,
        "narHash": "sha256-ZoxIApko70jCdbH3l20HWXOBaT2HZd87orzd2yJ9dVE=",
        "ref": "nixos-unstable",
        "rev": "7a0f122f5090cf4c2ade2a13a0e229d4e19ba71f",
        "shallow": true,
        "type": "git",
        "url": "https://mirrors.tuna.tsinghua.edu.cn/git/nixpkgs.git"
      },
      "original": {
        "ref": "nixos-unstable",
        "shallow": true,
        "type": "git",
        "url": "https://mirrors.tuna.tsinghua.edu.cn/git/nixpkgs.git"
      }
    },
    "noctalia": {
      "inputs": {
        "nixpkgs": [
          "nixpkgs"
        ]
      },
      "locked": {
        "lastModified": 1790596225,
        "narHash": "sha256-C1gVf/fs4MGc4p/fWiZzCQ4gwN2T1HTF/DQpGiVSLFA=",
        "ref": "refs/heads/main",
        "rev": "6b0178f00785005f9c032913435f372b99841e57",
        "shallow": true,
        "type": "git",
        "url": "http://lunarserver.local:3000/MIRROR/noctalia-shell"
      },
      "original": {
        "shallow": true,
        "type": "git",
        "url": "http://lunarserver.local:3000/MIRROR/noctalia-shell"
      }
    },
    "root": {
      "inputs": {
        "home-manager": "home-manager",
        "nixpkgs": "nixpkgs",
        "noctalia": "noctalia"
      }
    }
  },
  "root": "root",
  "version": 7
}
